// !$*UTF8*$!
{
	archiveVersion = 1;
	classes = {
	};
	objectVersion = 46;
	objects = {

/* Begin PBXBuildFile section */
		AD53470A1D24926F00FBF7B1 /* AnimationActions.sks in Resources */ = {isa = PBXBuildFile; fileRef = AD5347091D24926F00FBF7B1 /* AnimationActions.sks */; };
		AD8FE31F1D247DE700D32672 /* AppDelegate.swift in Sources */ = {isa = PBXBuildFile; fileRef = AD8FE31E1D247DE700D32672 /* AppDelegate.swift */; };
		AD8FE3211D247DE700D32672 /* GameScene.sks in Resources */ = {isa = PBXBuildFile; fileRef = AD8FE3201D247DE700D32672 /* GameScene.sks */; };
		AD8FE3231D247DE700D32672 /* GameScene.swift in Sources */ = {isa = PBXBuildFile; fileRef = AD8FE3221D247DE700D32672 /* GameScene.swift */; };
		AD8FE3251D247DE700D32672 /* GameViewController.swift in Sources */ = {isa = PBXBuildFile; fileRef = AD8FE3241D247DE700D32672 /* GameViewController.swift */; };
		AD8FE3281D247DE700D32672 /* Main.storyboard in Resources */ = {isa = PBXBuildFile; fileRef = AD8FE3261D247DE700D32672 /* Main.storyboard */; };
		AD8FE32A1D247DE700D32672 /* Assets.xcassets in Resources */ = {isa = PBXBuildFile; fileRef = AD8FE3291D247DE700D32672 /* Assets.xcassets */; };
		AD8FE32D1D247DE700D32672 /* LaunchScreen.storyboard in Resources */ = {isa = PBXBuildFile; fileRef = AD8FE32B1D247DE700D32672 /* LaunchScreen.storyboard */; };
		AD8FE3351D247F6000D32672 /* assets.atlas in Resources */ = {isa = PBXBuildFile; fileRef = AD8FE3341D247F6000D32672 /* assets.atlas */; };
		AD8FE3381D24800200D32672 /* sfx_swipe.caf in Resources */ = {isa = PBXBuildFile; fileRef = AD8FE3371D24800200D32672 /* sfx_swipe.caf */; };
		AD8FE3491D24805C00D32672 /* MSButtonNode.swift in Sources */ = {isa = PBXBuildFile; fileRef = AD8FE33A1D24805C00D32672 /* MSButtonNode.swift */; };
		AD8FE34A1D24805C00D32672 /* MSReferenceNode.swift in Sources */ = {isa = PBXBuildFile; fileRef = AD8FE33B1D24805C00D32672 /* MSReferenceNode.swift */; };
		AD8FE34B1D24805C00D32672 /* CGFloat+Extensions.swift in Sources */ = {isa = PBXBuildFile; fileRef = AD8FE33D1D24805C00D32672 /* CGFloat+Extensions.swift */; };
		AD8FE34C1D24805C00D32672 /* CGPoint+Extensions.swift in Sources */ = {isa = PBXBuildFile; fileRef = AD8FE33E1D24805C00D32672 /* CGPoint+Extensions.swift */; };
		AD8FE34D1D24805C00D32672 /* CGVector+Extensions.swift in Sources */ = {isa = PBXBuildFile; fileRef = AD8FE33F1D24805C00D32672 /* CGVector+Extensions.swift */; };
		AD8FE34E1D24805C00D32672 /* Int+Extensions.swift in Sources */ = {isa = PBXBuildFile; fileRef = AD8FE3401D24805C00D32672 /* Int+Extensions.swift */; };
		AD8FE34F1D24805C00D32672 /* SKAction+Extensions.swift in Sources */ = {isa = PBXBuildFile; fileRef = AD8FE3411D24805C00D32672 /* SKAction+Extensions.swift */; };
		AD8FE3501D24805C00D32672 /* SKAction+SpecialEffects.swift in Sources */ = {isa = PBXBuildFile; fileRef = AD8FE3421D24805C00D32672 /* SKAction+SpecialEffects.swift */; };
		AD8FE3511D24805C00D32672 /* SKColor+Extensions.swift in Sources */ = {isa = PBXBuildFile; fileRef = AD8FE3431D24805C00D32672 /* SKColor+Extensions.swift */; };
		AD8FE3521D24805C00D32672 /* SKNode+Extensions.swift in Sources */ = {isa = PBXBuildFile; fileRef = AD8FE3441D24805C00D32672 /* SKNode+Extensions.swift */; };
		AD8FE3531D24805C00D32672 /* SKTAudio.swift in Sources */ = {isa = PBXBuildFile; fileRef = AD8FE3451D24805C00D32672 /* SKTAudio.swift */; };
		AD8FE3541D24805C00D32672 /* SKTEffects.swift in Sources */ = {isa = PBXBuildFile; fileRef = AD8FE3461D24805C00D32672 /* SKTEffects.swift */; };
		AD8FE3551D24805C00D32672 /* SKTTimingFunctions.swift in Sources */ = {isa = PBXBuildFile; fileRef = AD8FE3471D24805C00D32672 /* SKTTimingFunctions.swift */; };
		AD8FE3561D24805C00D32672 /* Vector3.swift in Sources */ = {isa = PBXBuildFile; fileRef = AD8FE3481D24805C00D32672 /* Vector3.swift */; };
		AD8FE3581D24882100D32672 /* SushiPiece.swift in Sources */ = {isa = PBXBuildFile; fileRef = AD8FE3571D24882100D32672 /* SushiPiece.swift */; };
		AD8FE35C1D248A4900D32672 /* Character.swift in Sources */ = {isa = PBXBuildFile; fileRef = AD8FE35B1D248A4900D32672 /* Character.swift */; };
/* End PBXBuildFile section */

/* Begin PBXFileReference section */
		AD5347091D24926F00FBF7B1 /* AnimationActions.sks */ = {isa = PBXFileReference; lastKnownFileType = file.sks; path = AnimationActions.sks; sourceTree = "<group>"; };
		AD8FE31B1D247DE700D32672 /* SushiNeko.app */ = {isa = PBXFileReference; explicitFileType = wrapper.application; includeInIndex = 0; path = SushiNeko.app; sourceTree = BUILT_PRODUCTS_DIR; };
		AD8FE31E1D247DE700D32672 /* AppDelegate.swift */ = {isa = PBXFileReference; lastKnownFileType = sourcecode.swift; path = AppDelegate.swift; sourceTree = "<group>"; };
		AD8FE3201D247DE700D32672 /* GameScene.sks */ = {isa = PBXFileReference; lastKnownFileType = file.sks; path = GameScene.sks; sourceTree = "<group>"; };
		AD8FE3221D247DE700D32672 /* GameScene.swift */ = {isa = PBXFileReference; lastKnownFileType = sourcecode.swift; path = GameScene.swift; sourceTree = "<group>"; };
		AD8FE3241D247DE700D32672 /* GameViewController.swift */ = {isa = PBXFileReference; lastKnownFileType = sourcecode.swift; path = GameViewController.swift; sourceTree = "<group>"; };
		AD8FE3271D247DE700D32672 /* Base */ = {isa = PBXFileReference; lastKnownFileType = file.storyboard; name = Base; path = Base.lproj/Main.storyboard; sourceTree = "<group>"; };
		AD8FE3291D247DE700D32672 /* Assets.xcassets */ = {isa = PBXFileReference; lastKnownFileType = folder.assetcatalog; path = Assets.xcassets; sourceTree = "<group>"; };
		AD8FE32C1D247DE700D32672 /* Base */ = {isa = PBXFileReference; lastKnownFileType = file.storyboard; name = Base; path = Base.lproj/LaunchScreen.storyboard; sourceTree = "<group>"; };
		AD8FE32E1D247DE700D32672 /* Info.plist */ = {isa = PBXFileReference; lastKnownFileType = text.plist.xml; path = Info.plist; sourceTree = "<group>"; };
		AD8FE3341D247F6000D32672 /* assets.atlas */ = {isa = PBXFileReference; lastKnownFileType = folder.skatlas; path = assets.atlas; sourceTree = "<group>"; };
		AD8FE3371D24800200D32672 /* sfx_swipe.caf */ = {isa = PBXFileReference; lastKnownFileType = file; path = sfx_swipe.caf; sourceTree = "<group>"; };
		AD8FE33A1D24805C00D32672 /* MSButtonNode.swift */ = {isa = PBXFileReference; fileEncoding = 4; lastKnownFileType = sourcecode.swift; path = MSButtonNode.swift; sourceTree = "<group>"; };
		AD8FE33B1D24805C00D32672 /* MSReferenceNode.swift */ = {isa = PBXFileReference; fileEncoding = 4; lastKnownFileType = sourcecode.swift; path = MSReferenceNode.swift; sourceTree = "<group>"; };
		AD8FE33D1D24805C00D32672 /* CGFloat+Extensions.swift */ = {isa = PBXFileReference; fileEncoding = 4; lastKnownFileType = sourcecode.swift; path = "CGFloat+Extensions.swift"; sourceTree = "<group>"; };
		AD8FE33E1D24805C00D32672 /* CGPoint+Extensions.swift */ = {isa = PBXFileReference; fileEncoding = 4; lastKnownFileType = sourcecode.swift; path = "CGPoint+Extensions.swift"; sourceTree = "<group>"; };
		AD8FE33F1D24805C00D32672 /* CGVector+Extensions.swift */ = {isa = PBXFileReference; fileEncoding = 4; lastKnownFileType = sourcecode.swift; path = "CGVector+Extensions.swift"; sourceTree = "<group>"; };
		AD8FE3401D24805C00D32672 /* Int+Extensions.swift */ = {isa = PBXFileReference; fileEncoding = 4; lastKnownFileType = sourcecode.swift; path = "Int+Extensions.swift"; sourceTree = "<group>"; };
		AD8FE3411D24805C00D32672 /* SKAction+Extensions.swift */ = {isa = PBXFileReference; fileEncoding = 4; lastKnownFileType = sourcecode.swift; path = "SKAction+Extensions.swift"; sourceTree = "<group>"; };
		AD8FE3421D24805C00D32672 /* SKAction+SpecialEffects.swift */ = {isa = PBXFileReference; fileEncoding = 4; lastKnownFileType = sourcecode.swift; path = "SKAction+SpecialEffects.swift"; sourceTree = "<group>"; };
		AD8FE3431D24805C00D32672 /* SKColor+Extensions.swift */ = {isa = PBXFileReference; fileEncoding = 4; lastKnownFileType = sourcecode.swift; path = "SKColor+Extensions.swift"; sourceTree = "<group>"; };
		AD8FE3441D24805C00D32672 /* SKNode+Extensions.swift */ = {isa = PBXFileReference; fileEncoding = 4; lastKnownFileType = sourcecode.swift; path = "SKNode+Extensions.swift"; sourceTree = "<group>"; };
		AD8FE3451D24805C00D32672 /* SKTAudio.swift */ = {isa = PBXFileReference; fileEncoding = 4; lastKnownFileType = sourcecode.swift; path = SKTAudio.swift; sourceTree = "<group>"; };
		AD8FE3461D24805C00D32672 /* SKTEffects.swift */ = {isa = PBXFileReference; fileEncoding = 4; lastKnownFileType = sourcecode.swift; path = SKTEffects.swift; sourceTree = "<group>"; };
		AD8FE3471D24805C00D32672 /* SKTTimingFunctions.swift */ = {isa = PBXFileReference; fileEncoding = 4; lastKnownFileType = sourcecode.swift; path = SKTTimingFunctions.swift; sourceTree = "<group>"; };
		AD8FE3481D24805C00D32672 /* Vector3.swift */ = {isa = PBXFileReference; fileEncoding = 4; lastKnownFileType = sourcecode.swift; path = Vector3.swift; sourceTree = "<group>"; };
		AD8FE3571D24882100D32672 /* SushiPiece.swift */ = {isa = PBXFileReference; fileEncoding = 4; lastKnownFileType = sourcecode.swift; path = SushiPiece.swift; sourceTree = "<group>"; };
		AD8FE35B1D248A4900D32672 /* Character.swift */ = {isa = PBXFileReference; fileEncoding = 4; lastKnownFileType = sourcecode.swift; name = Character.swift; path = ../Character.swift; sourceTree = "<group>"; };
/* End PBXFileReference section */

/* Begin PBXFrameworksBuildPhase section */
		AD8FE3181D247DE700D32672 /* Frameworks */ = {
			isa = PBXFrameworksBuildPhase;
			buildActionMask = 2147483647;
			files = (
			);
			runOnlyForDeploymentPostprocessing = 0;
		};
/* End PBXFrameworksBuildPhase section */

/* Begin PBXGroup section */
		AD8FE3121D247DE700D32672 = {
			isa = PBXGroup;
			children = (
				AD5347091D24926F00FBF7B1 /* AnimationActions.sks */,
				AD8FE31D1D247DE700D32672 /* SushiNeko */,
				AD8FE31C1D247DE700D32672 /* Products */,
			);
			sourceTree = "<group>";
		};
		AD8FE31C1D247DE700D32672 /* Products */ = {
			isa = PBXGroup;
			children = (
				AD8FE31B1D247DE700D32672 /* SushiNeko.app */,
			);
			name = Products;
			sourceTree = "<group>";
		};
		AD8FE31D1D247DE700D32672 /* SushiNeko */ = {
			isa = PBXGroup;
			children = (
				AD8FE3391D24805C00D32672 /* Utils */,
				AD8FE31E1D247DE700D32672 /* AppDelegate.swift */,
				AD8FE35B1D248A4900D32672 /* Character.swift */,
				AD8FE3201D247DE700D32672 /* GameScene.sks */,
				AD8FE3221D247DE700D32672 /* GameScene.swift */,
				AD8FE3571D24882100D32672 /* SushiPiece.swift */,
				AD8FE3241D247DE700D32672 /* GameViewController.swift */,
				AD8FE3261D247DE700D32672 /* Main.storyboard */,
				AD8FE3291D247DE700D32672 /* Assets.xcassets */,
				AD8FE3341D247F6000D32672 /* assets.atlas */,
				AD8FE3361D24800200D32672 /* SFX */,
				AD8FE32E1D247DE700D32672 /* Info.plist */,
				AD8FE32B1D247DE700D32672 /* LaunchScreen.storyboard */,
			);
			path = SushiNeko;
			sourceTree = "<group>";
		};
		AD8FE3361D24800200D32672 /* SFX */ = {
			isa = PBXGroup;
			children = (
				AD8FE3371D24800200D32672 /* sfx_swipe.caf */,
			);
			path = SFX;
			sourceTree = "<group>";
		};
		AD8FE3391D24805C00D32672 /* Utils */ = {
			isa = PBXGroup;
			children = (
				AD8FE33A1D24805C00D32672 /* MSButtonNode.swift */,
				AD8FE33B1D24805C00D32672 /* MSReferenceNode.swift */,
				AD8FE33C1D24805C00D32672 /* SKTUtils */,
			);
			path = Utils;
			sourceTree = "<group>";
		};
		AD8FE33C1D24805C00D32672 /* SKTUtils */ = {
			isa = PBXGroup;
			children = (
				AD8FE33D1D24805C00D32672 /* CGFloat+Extensions.swift */,
				AD8FE33E1D24805C00D32672 /* CGPoint+Extensions.swift */,
				AD8FE33F1D24805C00D32672 /* CGVector+Extensions.swift */,
				AD8FE3401D24805C00D32672 /* Int+Extensions.swift */,
				AD8FE3411D24805C00D32672 /* SKAction+Extensions.swift */,
				AD8FE3421D24805C00D32672 /* SKAction+SpecialEffects.swift */,
				AD8FE3431D24805C00D32672 /* SKColor+Extensions.swift */,
				AD8FE3441D24805C00D32672 /* SKNode+Extensions.swift */,
				AD8FE3451D24805C00D32672 /* SKTAudio.swift */,
				AD8FE3461D24805C00D32672 /* SKTEffects.swift */,
				AD8FE3471D24805C00D32672 /* SKTTimingFunctions.swift */,
				AD8FE3481D24805C00D32672 /* Vector3.swift */,
			);
			path = SKTUtils;
			sourceTree = "<group>";
		};
/* End PBXGroup section */

/* Begin PBXNativeTarget section */
		AD8FE31A1D247DE700D32672 /* SushiNeko */ = {
			isa = PBXNativeTarget;
			buildConfigurationList = AD8FE3311D247DE700D32672 /* Build configuration list for PBXNativeTarget "SushiNeko" */;
			buildPhases = (
				AD8FE3171D247DE700D32672 /* Sources */,
				AD8FE3181D247DE700D32672 /* Frameworks */,
				AD8FE3191D247DE700D32672 /* Resources */,
			);
			buildRules = (
			);
			dependencies = (
			);
			name = SushiNeko;
			productName = SushiNeko;
			productReference = AD8FE31B1D247DE700D32672 /* SushiNeko.app */;
			productType = "com.apple.product-type.application";
		};
/* End PBXNativeTarget section */

/* Begin PBXProject section */
		AD8FE3131D247DE700D32672 /* Project object */ = {
			isa = PBXProject;
			attributes = {
				LastSwiftUpdateCheck = 0730;
				LastUpgradeCheck = 0730;
				ORGANIZATIONNAME = NormaTu;
				TargetAttributes = {
					AD8FE31A1D247DE700D32672 = {
						CreatedOnToolsVersion = 7.3.1;
						DevelopmentTeam = 74LTR4YUNB;
					};
				};
			};
			buildConfigurationList = AD8FE3161D247DE700D32672 /* Build configuration list for PBXProject "SushiNeko" */;
			compatibilityVersion = "Xcode 3.2";
			developmentRegion = English;
			hasScannedForEncodings = 0;
			knownRegions = (
				en,
				Base,
			);
			mainGroup = AD8FE3121D247DE700D32672;
			productRefGroup = AD8FE31C1D247DE700D32672 /* Products */;
			projectDirPath = "";
			projectRoot = "";
			targets = (
				AD8FE31A1D247DE700D32672 /* SushiNeko */,
			);
		};
/* End PBXProject section */

/* Begin PBXResourcesBuildPhase section */
		AD8FE3191D247DE700D32672 /* Resources */ = {
			isa = PBXResourcesBuildPhase;
			buildActionMask = 2147483647;
			files = (
				AD8FE3211D247DE700D32672 /* GameScene.sks in Resources */,
				AD8FE3381D24800200D32672 /* sfx_swipe.caf in Resources */,
				AD53470A1D24926F00FBF7B1 /* AnimationActions.sks in Resources */,
				AD8FE32D1D247DE700D32672 /* LaunchScreen.storyboard in Resources */,
				AD8FE32A1D247DE700D32672 /* Assets.xcassets in Resources */,
				AD8FE3351D247F6000D32672 /* assets.atlas in Resources */,
				AD8FE3281D247DE700D32672 /* Main.storyboard in Resources */,
			);
			runOnlyForDeploymentPostprocessing = 0;
		};
/* End PBXResourcesBuildPhase section */

/* Begin PBXSourcesBuildPhase section */
		AD8FE3171D247DE700D32672 /* Sources */ = {
			isa = PBXSourcesBuildPhase;
			buildActionMask = 2147483647;
			files = (
				AD8FE34C1D24805C00D32672 /* CGPoint+Extensions.swift in Sources */,
				AD8FE3541D24805C00D32672 /* SKTEffects.swift in Sources */,
				AD8FE34F1D24805C00D32672 /* SKAction+Extensions.swift in Sources */,
				AD8FE3231D247DE700D32672 /* GameScene.swift in Sources */,
				AD8FE3521D24805C00D32672 /* SKNode+Extensions.swift in Sources */,
				AD8FE3251D247DE700D32672 /* GameViewController.swift in Sources */,
				AD8FE3551D24805C00D32672 /* SKTTimingFunctions.swift in Sources */,
				AD8FE3501D24805C00D32672 /* SKAction+SpecialEffects.swift in Sources */,
				AD8FE34E1D24805C00D32672 /* Int+Extensions.swift in Sources */,
				AD8FE3561D24805C00D32672 /* Vector3.swift in Sources */,
				AD8FE31F1D247DE700D32672 /* AppDelegate.swift in Sources */,
				AD8FE3511D24805C00D32672 /* SKColor+Extensions.swift in Sources */,
				AD8FE34D1D24805C00D32672 /* CGVector+Extensions.swift in Sources */,
				AD8FE34A1D24805C00D32672 /* MSReferenceNode.swift in Sources */,
				AD8FE3531D24805C00D32672 /* SKTAudio.swift in Sources */,
				AD8FE3581D24882100D32672 /* SushiPiece.swift in Sources */,
				AD8FE34B1D24805C00D32672 /* CGFloat+Extensions.swift in Sources */,
				AD8FE3491D24805C00D32672 /* MSButtonNode.swift in Sources */,
				AD8FE35C1D248A4900D32672 /* Character.swift in Sources */,
			);
			runOnlyForDeploymentPostprocessing = 0;
		};
/* End PBXSourcesBuildPhase section */

/* Begin PBXVariantGroup section */
		AD8FE3261D247DE700D32672 /* Main.storyboard */ = {
			isa = PBXVariantGroup;
			children = (
				AD8FE3271D247DE700D32672 /* Base */,
			);
			name = Main.storyboard;
			sourceTree = "<group>";
		};
		AD8FE32B1D247DE700D32672 /* LaunchScreen.storyboard */ = {
			isa = PBXVariantGroup;
			children = (
				AD8FE32C1D247DE700D32672 /* Base */,
			);
			name = LaunchScreen.storyboard;
			sourceTree = "<group>";
		};
/* End PBXVariantGroup section */

/* Begin XCBuildConfiguration section */
		AD8FE32F1D247DE700D32672 /* Debug */ = {
			isa = XCBuildConfiguration;
			buildSettings = {
				ALWAYS_SEARCH_USER_PATHS = NO;
				CLANG_ANALYZER_NONNULL = YES;
				CLANG_CXX_LANGUAGE_STANDARD = "gnu++0x";
				CLANG_CXX_LIBRARY = "libc++";
				CLANG_ENABLE_MODULES = YES;
				CLANG_ENABLE_OBJC_ARC = YES;
				CLANG_WARN_BOOL_CONVERSION = YES;
				CLANG_WARN_CONSTANT_CONVERSION = YES;
				CLANG_WARN_DIRECT_OBJC_ISA_USAGE = YES_ERROR;
				CLANG_WARN_EMPTY_BODY = YES;
				CLANG_WARN_ENUM_CONVERSION = YES;
				CLANG_WARN_INT_CONVERSION = YES;
				CLANG_WARN_OBJC_ROOT_CLASS = YES_ERROR;
				CLANG_WARN_UNREACHABLE_CODE = YES;
				CLANG_WARN__DUPLICATE_METHOD_MATCH = YES;
				"CODE_SIGN_IDENTITY[sdk=iphoneos*]" = "iPhone Developer";
				COPY_PHASE_STRIP = NO;
				DEBUG_INFORMATION_FORMAT = "dwarf-with-dsym";
				ENABLE_STRICT_OBJC_MSGSEND = YES;
				ENABLE_TESTABILITY = YES;
				GCC_C_LANGUAGE_STANDARD = gnu99;
				GCC_DYNAMIC_NO_PIC = NO;
				GCC_NO_COMMON_BLOCKS = YES;
				GCC_OPTIMIZATION_LEVEL = 0;
				GCC_PREPROCESSOR_DEFINITIONS = (
					"DEBUG=1",
					"$(inherited)",
				);
				GCC_WARN_64_TO_32_BIT_CONVERSION = YES;
				GCC_WARN_ABOUT_RETURN_TYPE = YES_ERROR;
				GCC_WARN_UNDECLARED_SELECTOR = YES;
				GCC_WARN_UNINITIALIZED_AUTOS = YES_AGGRESSIVE;
				GCC_WARN_UNUSED_FUNCTION = YES;
				GCC_WARN_UNUSED_VARIABLE = YES;
				IPHONEOS_DEPLOYMENT_TARGET = 9.3;
				MTL_ENABLE_DEBUG_INFO = YES;
				ONLY_ACTIVE_ARCH = YES;
				SDKROOT = iphoneos;
				SWIFT_OPTIMIZATION_LEVEL = "-Onone";
				TARGETED_DEVICE_FAMILY = "1,2";
			};
			name = Debug;
		};
		AD8FE3301D247DE700D32672 /* Release */ = {
			isa = XCBuildConfiguration;
			buildSettings = {
				ALWAYS_SEARCH_USER_PATHS = NO;
				CLANG_ANALYZER_NONNULL = YES;
				CLANG_CXX_LANGUAGE_STANDARD = "gnu++0x";
				CLANG_CXX_LIBRARY = "libc++";
				CLANG_ENABLE_MODULES = YES;
				CLANG_ENABLE_OBJC_ARC = YES;
				CLANG_WARN_BOOL_CONVERSION = YES;
				CLANG_WARN_CONSTANT_CONVERSION = YES;
				CLANG_WARN_DIRECT_OBJC_ISA_USAGE = YES_ERROR;
				CLANG_WARN_EMPTY_BODY = YES;
				CLANG_WARN_ENUM_CONVERSION = YES;
				CLANG_WARN_INT_CONVERSION = YES;
				CLANG_WARN_OBJC_ROOT_CLASS = YES_ERROR;
				CLANG_WARN_UNREACHABLE_CODE = YES;
				CLANG_WARN__DUPLICATE_METHOD_MATCH = YES;
				"CODE_SIGN_IDENTITY[sdk=iphoneos*]" = "iPhone Developer";
				COPY_PHASE_STRIP = NO;
				DEBUG_INFORMATION_FORMAT = "dwarf-with-dsym";
				ENABLE_NS_ASSERTIONS = NO;
				ENABLE_STRICT_OBJC_MSGSEND = YES;
				GCC_C_LANGUAGE_STANDARD = gnu99;
				GCC_NO_COMMON_BLOCKS = YES;
				GCC_WARN_64_TO_32_BIT_CONVERSION = YES;
				GCC_WARN_ABOUT_RETURN_TYPE = YES_ERROR;
				GCC_WARN_UNDECLARED_SELECTOR = YES;
				GCC_WARN_UNINITIALIZED_AUTOS = YES_AGGRESSIVE;
				GCC_WARN_UNUSED_FUNCTION = YES;
				GCC_WARN_UNUSED_VARIABLE = YES;
				IPHONEOS_DEPLOYMENT_TARGET = 9.3;
				MTL_ENABLE_DEBUG_INFO = NO;
				SDKROOT = iphoneos;
				TARGETED_DEVICE_FAMILY = "1,2";
				VALIDATE_PRODUCT = YES;
			};
			name = Release;
		};
		AD8FE3321D247DE700D32672 /* Debug */ = {
			isa = XCBuildConfiguration;
			buildSettings = {
				ASSETCATALOG_COMPILER_APPICON_NAME = AppIcon;
				CODE_SIGN_IDENTITY = "iPhone Developer";
				"CODE_SIGN_IDENTITY[sdk=iphoneos*]" = "iPhone Developer";
				INFOPLIST_FILE = SushiNeko/Info.plist;
				LD_RUNPATH_SEARCH_PATHS = "$(inherited) @executable_path/Frameworks";
				PRODUCT_BUNDLE_IDENTIFIER = com.normatu.SushiNeko;
				PRODUCT_NAME = "$(TARGET_NAME)";
				PROVISIONING_PROFILE = "";
			};
			name = Debug;
		};
		AD8FE3331D247DE700D32672 /* Release */ = {
			isa = XCBuildConfiguration;
			buildSettings = {
				ASSETCATALOG_COMPILER_APPICON_NAME = AppIcon;
				CODE_SIGN_IDENTITY = "iPhone Developer";
				"CODE_SIGN_IDENTITY[sdk=iphoneos*]" = "iPhone Developer";
				INFOPLIST_FILE = SushiNeko/Info.plist;
				LD_RUNPATH_SEARCH_PATHS = "$(inherited) @executable_path/Frameworks";
				PRODUCT_BUNDLE_IDENTIFIER = com.normatu.SushiNeko;
				PRODUCT_NAME = "$(TARGET_NAME)";
				PROVISIONING_PROFILE = "";
			};
			name = Release;
		};
/* End XCBuildConfiguration section */

/* Begin XCConfigurationList section */
		AD8FE3161D247DE700D32672 /* Build configuration list for PBXProject "SushiNeko" */ = {
			isa = XCConfigurationList;
			buildConfigurations = (
				AD8FE32F1D247DE700D32672 /* Debug */,
				AD8FE3301D247DE700D32672 /* Release */,
			);
			defaultConfigurationIsVisible = 0;
			defaultConfigurationName = Release;
		};
		AD8FE3311D247DE700D32672 /* Build configuration list for PBXNativeTarget "SushiNeko" */ = {
			isa = XCConfigurationList;
			buildConfigurations = (
				AD8FE3321D247DE700D32672 /* Debug */,
				AD8FE3331D247DE700D32672 /* Release */,
			);
			defaultConfigurationIsVisible = 0;
			defaultConfigurationName = Release;
		};
/* End XCConfigurationList section */
	};
	rootObject = AD8FE3131D247DE700D32672 /* Project object */;
}
